version: 1
packages:
  argus-xdrs-governance: 1.2.0
  xdrs-core: 0.37.2
sets:
  - package: argus-xdrs-governance
    output: {}
    selector: {}
files:
  .:
    - .xdrs/_core/adrs/principles/articles/.assets/001-xdrs-overview-slides.md|xdrs-core|0.28.4|file|d4071aa47a37|0
    - .seeds/AETHER.json|argus-xdrs-governance|1.2.0|file|201f2699e0bf|0
    - .seeds/ARGUS.md|argus-xdrs-governance|1.2.0|file|ed85389c5b0c|0
    - .seeds/BAU.json|argus-xdrs-governance|1.2.0|file|8143f811960e|0
    - .seeds/BLAST.json|argus-xdrs-governance|1.2.0|file|f3ced360e2ad|0
    - .seeds/CHRONOS.json|argus-xdrs-governance|1.2.0|file|50185d20e851|0
    - .seeds/COMPASS.json|argus-xdrs-governance|1.2.0|file|f31ac5399e7a|0
    - .seeds/EMPIRICUS.json|argus-xdrs-governance|1.2.0|file|4f70db769779|0
    - .seeds/FLUX.json|argus-xdrs-governance|1.2.0|file|e82eff79dc16|0
    - .seeds/GHOST.json|argus-xdrs-governance|1.2.0|file|3b16976d8963|0
    - .seeds/HERALD.json|argus-xdrs-governance|1.2.0|file|a0e270847088|0
    - .seeds/LITERATE.json|argus-xdrs-governance|1.2.0|file|4e45fbdfeb28|0
    - .seeds/NEXUS.json|argus-xdrs-governance|1.2.0|file|d2ad3ff8eeb7|0
    - .seeds/PARETO.json|argus-xdrs-governance|1.2.0|file|6d6b62bddb0c|0
    - .seeds/POLARBEAR.json|argus-xdrs-governance|1.2.0|file|8103b6dd803c|0
    - .seeds/PROBE.json|argus-xdrs-governance|1.2.0|file|d0a194ebcb64|0
    - .seeds/RIVERRAID.json|argus-xdrs-governance|1.2.0|file|525e4a1b926b|0
    - .seeds/SCAFFOLD.json|argus-xdrs-governance|1.2.0|file|591bdf48135e|0
    - .seeds/SCOUT.json|argus-xdrs-governance|1.2.0|file|2c57193a7f36|0
    - .seeds/SCRIBE.json|argus-xdrs-governance|1.2.0|file|15c11b7e5e58|0
    - .seeds/SENTINEL.json|argus-xdrs-governance|1.2.0|file|d15ffd8ff4c0|0
    - .seeds/SOVEREIGN.json|argus-xdrs-governance|1.2.0|file|b3fcf312b811|0
    - CLAUDE.md|argus-xdrs-governance|1.2.0|file|1a6fa912ed07|0
    - .github/skills/001-review|xdrs-core|0.28.4|symlink|18c5f3a037d4|0
    - .github/skills/008-write-xdrs-doc|xdrs-core|0.28.4|symlink|c3a23ff52f24|0
    - .xdrs/_core/adrs/principles/010-scope-governance.md|xdrs-core|0.37.2|file|53388e671fd6|0
    - .xdrs/_core/adrs/principles/011-core-scope-type.md|xdrs-core|0.37.2|file|d5f7ef7b4f90|0
    - .xdrs/_core/adrs/principles/012-reference-scope-type.md|xdrs-core|0.37.2|file|459607bd47b0|0
    - .xdrs/_core/adrs/principles/013-platform-scope-type.md|xdrs-core|0.37.2|file|8acc355177c7|0
    - .xdrs/_core/adrs/principles/014-standard-scope-type.md|xdrs-core|0.37.2|file|4d350c74e7d4|0
    - .xdrs/_core/adrs/principles/015-local-scope-type.md|xdrs-core|0.37.2|file|d48a4585c0b1|0
    - .xdrs/_core/adrs/index.md|xdrs-core|0.37.2|file|42de8df9209d|0
    - .xdrs/_core/adrs/principles/001-xdrs-core.md|xdrs-core|0.37.2|file|b055822c0831|0
    - .xdrs/_core/adrs/principles/002-policy-standards.md|xdrs-core|0.37.2|file|b6da1103e934|0
    - .xdrs/_core/adrs/principles/003-skill-standards.md|xdrs-core|0.37.2|file|923d638c9f01|0
    - .xdrs/_core/adrs/principles/004-article-standards.md|xdrs-core|0.37.2|file|7716fe005402|0
    - .xdrs/_core/adrs/principles/005-semantic-versioning-for-xdrs-packages.md|xdrs-core|0.37.2|file|57c9bbb2af53|0
    - .xdrs/_core/adrs/principles/006-research-standards.md|xdrs-core|0.37.2|file|122304c9dab2|0
    - .xdrs/_core/adrs/principles/007-plan-standards.md|xdrs-core|0.37.2|file|35a5617fee1f|0
    - .xdrs/_core/adrs/principles/008-xdr-standards-structured.md|xdrs-core|0.37.2|file|e0d395e66c7e|0
    - .xdrs/_core/adrs/principles/009-presentation-standards.md|xdrs-core|0.37.2|file|51baf074b777|0
    - .xdrs/_core/adrs/principles/articles/001-xdrs-overview.md|xdrs-core|0.37.2|file|346ac011e9b5|0
    - .xdrs/_core/adrs/principles/skills/001-review/SKILL.md|xdrs-core|0.37.2|file|ce490955bb3f|0
    - .xdrs/_core/adrs/principles/skills/002-write-policy/SKILL.md|xdrs-core|0.37.2|file|be0d3fcc9354|0
    - .xdrs/_core/adrs/principles/skills/003-write-skill/SKILL.md|xdrs-core|0.37.2|file|c1c76ab913c7|0
    - .xdrs/_core/adrs/principles/skills/004-write-article/SKILL.md|xdrs-core|0.37.2|file|033b0d2a25d4|0
    - .xdrs/_core/adrs/principles/skills/005-write-research/SKILL.md|xdrs-core|0.37.2|file|664212bf95c3|0
    - .xdrs/_core/adrs/principles/skills/006-write-plan/SKILL.md|xdrs-core|0.37.2|file|666248f46938|0
    - .xdrs/_core/adrs/principles/skills/007-write-presentation/SKILL.md|xdrs-core|0.37.2|file|9ce759499c1a|0
    - .xdrs/_core/adrs/principles/skills/008-write-xdrs-doc/SKILL.md|xdrs-core|0.37.2|file|58d5e4175583|0
    - .xdrs/_core/index.md|xdrs-core|0.37.2|file|30b422878cf5|0
    - AGENTS.md|xdrs-core|0.37.2|file|4957a7502eef|0
    - .agents/skills/001-review|xdrs-core|0.37.2|symlink|18c5f3a037d4|0
    - .agents/skills/008-write-xdrs-doc|xdrs-core|0.37.2|symlink|c3a23ff52f24|0
checksum: 63b953c7a617

